
Microsoft Visual Studio Solution File, Format Version 12.00
# Visual Studio Version 17
VisualStudioVersion = 17.3.32922.545
MinimumVisualStudioVersion = 10.0.40219.1
Project("{9A19103F-16F7-4668-BE54-9A1E7A4F7556}") = "FRW.PR.Extranet", "Sources\FRW.PR\FRW.PR.Extranet.csproj", "{BFEA0201-7FD7-4FCA-8B4B-5666696A5AC7}"
EndProject
Project("{9A19103F-16F7-4668-BE54-9A1E7A4F7556}") = "FRW.TR.Commun", "Sources\FRW.TR.Commun\FRW.TR.Commun.csproj", "{5BB73DE4-DF95-4100-9C7C-18AA4028EAF5}"
EndProject
Project("{9A19103F-16F7-4668-BE54-9A1E7A4F7556}") = "FRW.TR.Contrats", "Sources\FRW.TR.Contrats\FRW.TR.Contrats.csproj", "{2C003DD9-52D4-4E7F-A5E0-654F426D4DAD}"
EndProject
Global
	GlobalSection(SolutionConfigurationPlatforms) = preSolution
		Debug|Any CPU = Debug|Any CPU
		Release|Any CPU = Release|Any CPU
	EndGlobalSection
	GlobalSection(ProjectConfigurationPlatforms) = postSolution
		{BFEA0201-7FD7-4FCA-8B4B-5666696A5AC7}.Debug|Any CPU.ActiveCfg = Debug|Any CPU
		{BFEA0201-7FD7-4FCA-8B4B-5666696A5AC7}.Debug|Any CPU.Build.0 = Debug|Any CPU
		{BFEA0201-7FD7-4FCA-8B4B-5666696A5AC7}.Release|Any CPU.ActiveCfg = Release|Any CPU
		{BFEA0201-7FD7-4FCA-8B4B-5666696A5AC7}.Release|Any CPU.Build.0 = Release|Any CPU
		{5BB73DE4-DF95-4100-9C7C-18AA4028EAF5}.Debug|Any CPU.ActiveCfg = Debug|Any CPU
		{5BB73DE4-DF95-4100-9C7C-18AA4028EAF5}.Debug|Any CPU.Build.0 = Debug|Any CPU
		{5BB73DE4-DF95-4100-9C7C-18AA4028EAF5}.Release|Any CPU.ActiveCfg = Release|Any CPU
		{5BB73DE4-DF95-4100-9C7C-18AA4028EAF5}.Release|Any CPU.Build.0 = Release|Any CPU
		{2C003DD9-52D4-4E7F-A5E0-654F426D4DAD}.Debug|Any CPU.ActiveCfg = Debug|Any CPU
		{2C003DD9-52D4-4E7F-A5E0-654F426D4DAD}.Debug|Any CPU.Build.0 = Debug|Any CPU
		{2C003DD9-52D4-4E7F-A5E0-654F426D4DAD}.Release|Any CPU.ActiveCfg = Release|Any CPU
		{2C003DD9-52D4-4E7F-A5E0-654F426D4DAD}.Release|Any CPU.Build.0 = Release|Any CPU
	EndGlobalSection
	GlobalSection(SolutionProperties) = preSolution
		HideSolutionNode = FALSE
	EndGlobalSection
	GlobalSection(ExtensibilityGlobals) = postSolution
		SolutionGuid = {2E4FB964-7040-481B-8BBB-DFE3B7A5D533}
	EndGlobalSection
EndGlobal
